
Microsoft Visual Studio Solution File, Format Version 12.00
# Visual Studio Version 16
VisualStudioVersion = 16.0.29306.81
MinimumVisualStudioVersion = 10.0.40219.1
Project("{FAE04EC0-301F-11D3-BF4B-00C04F79EFBC}") = "FinalProject", "FinalProject\FinalProject.csproj", "{3E146347-2F65-491D-BD55-BA9F2D1DF950}"
EndProject
Project("{FAE04EC0-301F-11D3-BF4B-00C04F79EFBC}") = "FinalProject.DAL", "FinalProject.DAL\FinalProject.DAL.csproj", "{40158EBE-46C3-4CC0-AEC2-A88D0F183216}"
EndProject
Global
	GlobalSection(SolutionConfigurationPlatforms) = preSolution
		Debug|Any CPU = Debug|Any CPU
		Release|Any CPU = Release|Any CPU
	EndGlobalSection
	GlobalSection(ProjectConfigurationPlatforms) = postSolution
		{3E146347-2F65-491D-BD55-BA9F2D1DF950}.Debug|Any CPU.ActiveCfg = Debug|Any CPU
		{3E146347-2F65-491D-BD55-BA9F2D1DF950}.Debug|Any CPU.Build.0 = Debug|Any CPU
		{3E146347-2F65-491D-BD55-BA9F2D1DF950}.Release|Any CPU.ActiveCfg = Release|Any CPU
		{3E146347-2F65-491D-BD55-BA9F2D1DF950}.Release|Any CPU.Build.0 = Release|Any CPU
		{40158EBE-46C3-4CC0-AEC2-A88D0F183216}.Debug|Any CPU.ActiveCfg = Debug|Any CPU
		{40158EBE-46C3-4CC0-AEC2-A88D0F183216}.Debug|Any CPU.Build.0 = Debug|Any CPU
		{40158EBE-46C3-4CC0-AEC2-A88D0F183216}.Release|Any CPU.ActiveCfg = Release|Any CPU
		{40158EBE-46C3-4CC0-AEC2-A88D0F183216}.Release|Any CPU.Build.0 = Release|Any CPU
	EndGlobalSection
	GlobalSection(SolutionProperties) = preSolution
		HideSolutionNode = FALSE
	EndGlobalSection
	GlobalSection(ExtensibilityGlobals) = postSolution
		SolutionGuid = {D654E8B6-33CA-4672-86B5-EF14C12A127F}
	EndGlobalSection
EndGlobal
